# THIS IS AN AUTOGENERATED FILE. DO NOT EDIT THIS FILE DIRECTLY.
# yarn lockfile v1


compute-scroll-into-view@^1.0.12:
  version "1.0.12"
  resolved "https://registry.yarnpkg.com/compute-scroll-into-view/-/compute-scroll-into-view-1.0.12.tgz#d523f83930f53d61cb5f4e2657e999b8c31cabd9"
  integrity sha512-MUJWwXJsFQ0+Z5fvrcvA+Da+ZGxpwIMEOmXQiYjB40f0+HWZHp+Cr4F/CtmQPRpggC5ZvBHj14zXPDPmvq/OkA==

flow-bin@0.115.0:
  version "0.115.0"
  resolved "https://registry.yarnpkg.com/flow-bin/-/flow-bin-0.115.0.tgz#22e3ad9e5c7198967de80138ba8a9154ff387960"
  integrity sha512-xW+U2SrBaAr0EeLvKmXAmsdnrH6x0Io17P6yRJTNgrrV42G8KXhBAD00s6oGbTTqRyHD0nP47kyuU34zljZpaQ==

"scroll-into-view-if-needed@link:../..":
  version "2.0.0-dev"
  dependencies:
    compute-scroll-into-view "^1.0.12"
