# THIS IS AN AUTOGENERATED FILE. DO NOT EDIT THIS FILE DIRECTLY.
# yarn lockfile v1


compute-scroll-into-view@^3.0.0:
  version "3.0.0"
  resolved "https://registry.yarnpkg.com/compute-scroll-into-view/-/compute-scroll-into-view-3.0.0.tgz#95d2f2f4653e7edda74dd1e38edaaa897918e0f0"
  integrity sha512-Yk1An4qzo5++Cu6peT9PsmRKIU8tALpmdoE09n//AfGQFcPfx21/tMGMsmKYmLJWaBJrGOJ5Jz5hoU+7cZZUWQ==

flow-bin@0.203.1:
  version "0.203.1"
  resolved "https://registry.yarnpkg.com/flow-bin/-/flow-bin-0.203.1.tgz#227b5c4c9acef2d0efe4a4a8ee84322c8de05891"
  integrity sha512-W/SX7QnRmBYS0TjfgtGb9ltPZzlsNeTZ7wA1yqwChxbLaQtrxGtO4K5GKtjRwAtucMQSebB7Ao++u21fRmC4TQ==

"scroll-into-view-if-needed@link:../..":
  version "3.0.6"
  dependencies:
    compute-scroll-into-view "^3.0.0"
